{
    "version": 3,
    "terraform_version": "0.11.7",
    "serial": 14,
    "lineage": "23083e4f-151f-ec8b-363c-037cf98602c2",
    "modules": [
        {
            "path": [
                "root"
            ],
            "outputs": {},
            "resources": {},
            "depends_on": []
        },
        {
            "path": [
                "root",
                "tomcat_application"
            ],
            "outputs": {},
            "resources": {
                "kubernetes_namespace.tomcat": {
                    "type": "kubernetes_namespace",
                    "depends_on": [],
                    "primary": {
                        "id": "spring-petclinic-k8s-dev",
                        "attributes": {
                            "id": "spring-petclinic-k8s-dev",
                            "metadata.#": "1",
                            "metadata.0.annotations.%": "1",
                            "metadata.0.annotations.name": "spring-petclinic-annotations",
                            "metadata.0.generate_name": "",
                            "metadata.0.generation": "0",
                            "metadata.0.labels.%": "1",
                            "metadata.0.labels.mylabel": "spring-petclinic",
                            "metadata.0.name": "spring-petclinic-k8s-dev",
                            "metadata.0.resource_version": "9024254",
                            "metadata.0.self_link": "/api/v1/namespaces/spring-petclinic-k8s-dev",
                            "metadata.0.uid": "584cfff0-784f-11e8-a89a-0e9cfd102bd6"
                        },
                        "meta": {},
                        "tainted": false
                    },
                    "deposed": [],
                    "provider": "provider.kubernetes"
                },
                "kubernetes_persistent_volume.volumes": {
                    "type": "kubernetes_persistent_volume",
                    "depends_on": [],
                    "primary": {
                        "id": "spring-petclinic-k8s-dev",
                        "attributes": {
                            "id": "spring-petclinic-k8s-dev",
                            "metadata.#": "1",
                            "metadata.0.annotations.%": "0",
                            "metadata.0.generation": "0",
                            "metadata.0.labels.%": "0",
                            "metadata.0.name": "spring-petclinic-k8s-dev",
                            "metadata.0.resource_version": "9021369",
                            "metadata.0.self_link": "/api/v1/persistentvolumes/spring-petclinic-k8s-dev",
                            "metadata.0.uid": "9293ee71-784a-11e8-a89a-0e9cfd102bd6",
                            "spec.#": "1",
                            "spec.0.access_modes.#": "1",
                            "spec.0.access_modes.1245328686": "ReadWriteOnce",
                            "spec.0.capacity.%": "1",
                            "spec.0.capacity.storage": "5Gi",
                            "spec.0.persistent_volume_reclaim_policy": "Retain",
                            "spec.0.persistent_volume_source.#": "1",
                            "spec.0.persistent_volume_source.0.aws_elastic_block_store.#": "1",
                            "spec.0.persistent_volume_source.0.aws_elastic_block_store.0.fs_type": "xfs",
                            "spec.0.persistent_volume_source.0.aws_elastic_block_store.0.partition": "0",
                            "spec.0.persistent_volume_source.0.aws_elastic_block_store.0.read_only": "false",
                            "spec.0.persistent_volume_source.0.aws_elastic_block_store.0.volume_id": "vol-01d4d6ccc9c3f31da",
                            "spec.0.persistent_volume_source.0.azure_disk.#": "0",
                            "spec.0.persistent_volume_source.0.azure_file.#": "0",
                            "spec.0.persistent_volume_source.0.ceph_fs.#": "0",
                            "spec.0.persistent_volume_source.0.cinder.#": "0",
                            "spec.0.persistent_volume_source.0.fc.#": "0",
                            "spec.0.persistent_volume_source.0.flex_volume.#": "0",
                            "spec.0.persistent_volume_source.0.flocker.#": "0",
                            "spec.0.persistent_volume_source.0.gce_persistent_disk.#": "0",
                            "spec.0.persistent_volume_source.0.glusterfs.#": "0",
                            "spec.0.persistent_volume_source.0.host_path.#": "0",
                            "spec.0.persistent_volume_source.0.iscsi.#": "0",
                            "spec.0.persistent_volume_source.0.nfs.#": "0",
                            "spec.0.persistent_volume_source.0.photon_persistent_disk.#": "0",
                            "spec.0.persistent_volume_source.0.quobyte.#": "0",
                            "spec.0.persistent_volume_source.0.rbd.#": "0",
                            "spec.0.persistent_volume_source.0.vsphere_volume.#": "0",
                            "spec.0.storage_class_name": ""
                        },
                        "meta": {},
                        "tainted": false
                    },
                    "deposed": [],
                    "provider": "provider.kubernetes"
                },
                "kubernetes_persistent_volume_claim.volume_claim": {
                    "type": "kubernetes_persistent_volume_claim",
                    "depends_on": [
                        "kubernetes_persistent_volume.volumes"
                    ],
                    "primary": {
                        "id": "spring-petclinic-k8s-dev/spring-petclinic-k8s-dev-claim",
                        "attributes": {
                            "id": "spring-petclinic-k8s-dev/spring-petclinic-k8s-dev-claim",
                            "metadata.#": "1",
                            "metadata.0.annotations.%": "0",
                            "metadata.0.generate_name": "",
                            "metadata.0.generation": "0",
                            "metadata.0.labels.%": "0",
                            "metadata.0.name": "spring-petclinic-k8s-dev-claim",
                            "metadata.0.namespace": "spring-petclinic-k8s-dev",
                            "metadata.0.resource_version": "",
                            "metadata.0.self_link": "",
                            "metadata.0.uid": "",
                            "spec.#": "1",
                            "spec.0.access_modes.#": "1",
                            "spec.0.access_modes.1245328686": "ReadWriteOnce",
                            "spec.0.resources.#": "1",
                            "spec.0.resources.0.limits.%": "0",
                            "spec.0.resources.0.requests.%": "1",
                            "spec.0.resources.0.requests.storage": "2Gi",
                            "spec.0.selector.#": "0",
                            "spec.0.storage_class_name": "gold",
                            "spec.0.volume_name": "spring-petclinic-k8s-dev",
                            "wait_until_bound": "true"
                        },
                        "meta": {
                            "e2bfb730-ecaa-11e6-8f88-34363bc7c4c0": {
                                "create": 300000000000
                            }
                        },
                        "tainted": false
                    },
                    "deposed": [],
                    "provider": "provider.kubernetes"
                }
            },
            "depends_on": []
        }
    ]
}
