{
    "version": 3,
    "terraform_version": "0.11.7",
    "serial": 51,
    "lineage": "23083e4f-151f-ec8b-363c-037cf98602c2",
    "modules": [
        {
            "path": [
                "root"
            ],
            "outputs": {
                "application_endpoint": {
                    "sensitive": false,
                    "type": "string",
                    "value": "a42154cf9792211e8a89a0e9cfd102bd-2053636396.us-east-1.elb.amazonaws.com"
                }
            },
            "resources": {},
            "depends_on": []
        },
        {
            "path": [
                "root",
                "tomcat_application"
            ],
            "outputs": {
                "endpoint": {
                    "sensitive": false,
                    "type": "string",
                    "value": "a42154cf9792211e8a89a0e9cfd102bd-2053636396.us-east-1.elb.amazonaws.com"
                }
            },
            "resources": {
                "kubernetes_namespace.tomcat": {
                    "type": "kubernetes_namespace",
                    "depends_on": [],
                    "primary": {
                        "id": "spring-petclinic-k8s-dev",
                        "attributes": {
                            "id": "spring-petclinic-k8s-dev",
                            "metadata.#": "1",
                            "metadata.0.annotations.%": "1",
                            "metadata.0.annotations.name": "spring-petclinic-annotations",
                            "metadata.0.generate_name": "",
                            "metadata.0.generation": "0",
                            "metadata.0.labels.%": "1",
                            "metadata.0.labels.mylabel": "spring-petclinic",
                            "metadata.0.name": "spring-petclinic-k8s-dev",
                            "metadata.0.resource_version": "9152197",
                            "metadata.0.self_link": "/api/v1/namespaces/spring-petclinic-k8s-dev",
                            "metadata.0.uid": "4186c5e0-7922-11e8-a89a-0e9cfd102bd6"
                        },
                        "meta": {},
                        "tainted": false
                    },
                    "deposed": [],
                    "provider": "provider.kubernetes"
                },
                "kubernetes_persistent_volume.volumes": {
                    "type": "kubernetes_persistent_volume",
                    "depends_on": [],
                    "primary": {
                        "id": "spring-petclinic-k8s-dev",
                        "attributes": {
                            "id": "spring-petclinic-k8s-dev",
                            "metadata.#": "1",
                            "metadata.0.annotations.%": "0",
                            "metadata.0.generation": "0",
                            "metadata.0.labels.%": "0",
                            "metadata.0.name": "spring-petclinic-k8s-dev",
                            "metadata.0.resource_version": "9152202",
                            "metadata.0.self_link": "/api/v1/persistentvolumes/spring-petclinic-k8s-dev",
                            "metadata.0.uid": "419bfd77-7922-11e8-a89a-0e9cfd102bd6",
                            "spec.#": "1",
                            "spec.0.access_modes.#": "1",
                            "spec.0.access_modes.1254135962": "ReadWriteMany",
                            "spec.0.capacity.%": "1",
                            "spec.0.capacity.storage": "5Gi",
                            "spec.0.persistent_volume_reclaim_policy": "Retain",
                            "spec.0.persistent_volume_source.#": "1",
                            "spec.0.persistent_volume_source.0.aws_elastic_block_store.#": "1",
                            "spec.0.persistent_volume_source.0.aws_elastic_block_store.0.fs_type": "ext4",
                            "spec.0.persistent_volume_source.0.aws_elastic_block_store.0.partition": "0",
                            "spec.0.persistent_volume_source.0.aws_elastic_block_store.0.read_only": "false",
                            "spec.0.persistent_volume_source.0.aws_elastic_block_store.0.volume_id": "vol-01d4d6ccc9c3f31da",
                            "spec.0.persistent_volume_source.0.azure_disk.#": "0",
                            "spec.0.persistent_volume_source.0.azure_file.#": "0",
                            "spec.0.persistent_volume_source.0.ceph_fs.#": "0",
                            "spec.0.persistent_volume_source.0.cinder.#": "0",
                            "spec.0.persistent_volume_source.0.fc.#": "0",
                            "spec.0.persistent_volume_source.0.flex_volume.#": "0",
                            "spec.0.persistent_volume_source.0.flocker.#": "0",
                            "spec.0.persistent_volume_source.0.gce_persistent_disk.#": "0",
                            "spec.0.persistent_volume_source.0.glusterfs.#": "0",
                            "spec.0.persistent_volume_source.0.host_path.#": "0",
                            "spec.0.persistent_volume_source.0.iscsi.#": "0",
                            "spec.0.persistent_volume_source.0.nfs.#": "0",
                            "spec.0.persistent_volume_source.0.photon_persistent_disk.#": "0",
                            "spec.0.persistent_volume_source.0.quobyte.#": "0",
                            "spec.0.persistent_volume_source.0.rbd.#": "0",
                            "spec.0.persistent_volume_source.0.vsphere_volume.#": "0",
                            "spec.0.storage_class_name": "gp2"
                        },
                        "meta": {},
                        "tainted": false
                    },
                    "deposed": [],
                    "provider": "provider.kubernetes"
                },
                "kubernetes_persistent_volume_claim.volume_claim": {
                    "type": "kubernetes_persistent_volume_claim",
                    "depends_on": [
                        "kubernetes_persistent_volume.volumes"
                    ],
                    "primary": {
                        "id": "spring-petclinic-k8s-dev/spring-petclinic-k8s-dev-claim",
                        "attributes": {
                            "id": "spring-petclinic-k8s-dev/spring-petclinic-k8s-dev-claim",
                            "metadata.#": "1",
                            "metadata.0.annotations.%": "0",
                            "metadata.0.generate_name": "",
                            "metadata.0.generation": "0",
                            "metadata.0.labels.%": "0",
                            "metadata.0.name": "spring-petclinic-k8s-dev-claim",
                            "metadata.0.namespace": "spring-petclinic-k8s-dev",
                            "metadata.0.resource_version": "9152207",
                            "metadata.0.self_link": "/api/v1/namespaces/spring-petclinic-k8s-dev/persistentvolumeclaims/spring-petclinic-k8s-dev-claim",
                            "metadata.0.uid": "419e8476-7922-11e8-a89a-0e9cfd102bd6",
                            "spec.#": "1",
                            "spec.0.access_modes.#": "1",
                            "spec.0.access_modes.1254135962": "ReadWriteMany",
                            "spec.0.resources.#": "1",
                            "spec.0.resources.0.limits.%": "0",
                            "spec.0.resources.0.requests.%": "1",
                            "spec.0.resources.0.requests.storage": "2Gi",
                            "spec.0.selector.#": "0",
                            "spec.0.storage_class_name": "gp2",
                            "spec.0.volume_name": "spring-petclinic-k8s-dev",
                            "wait_until_bound": "true"
                        },
                        "meta": {
                            "e2bfb730-ecaa-11e6-8f88-34363bc7c4c0": {
                                "create": 300000000000
                            }
                        },
                        "tainted": false
                    },
                    "deposed": [],
                    "provider": "provider.kubernetes"
                },
                "kubernetes_replication_controller.tomcat": {
                    "type": "kubernetes_replication_controller",
                    "depends_on": [
                        "kubernetes_persistent_volume_claim.volume_claim"
                    ],
                    "primary": {
                        "id": "spring-petclinic-k8s-dev/spring-petclinic",
                        "attributes": {
                            "id": "spring-petclinic-k8s-dev/spring-petclinic",
                            "metadata.#": "1",
                            "metadata.0.annotations.%": "0",
                            "metadata.0.generate_name": "",
                            "metadata.0.generation": "1",
                            "metadata.0.labels.%": "1",
                            "metadata.0.labels.App": "spring-petclinic",
                            "metadata.0.name": "spring-petclinic",
                            "metadata.0.namespace": "spring-petclinic-k8s-dev",
                            "metadata.0.resource_version": "9152212",
                            "metadata.0.self_link": "/api/v1/namespaces/spring-petclinic-k8s-dev/replicationcontrollers/spring-petclinic",
                            "metadata.0.uid": "41c3c814-7922-11e8-a89a-0e9cfd102bd6",
                            "spec.#": "1",
                            "spec.0.min_ready_seconds": "0",
                            "spec.0.replicas": "1",
                            "spec.0.selector.%": "1",
                            "spec.0.selector.App": "spring-petclinic",
                            "spec.0.template.#": "1",
                            "spec.0.template.0.active_deadline_seconds": "0",
                            "spec.0.template.0.container.#": "2",
                            "spec.0.template.0.container.0.args.#": "0",
                            "spec.0.template.0.container.0.command.#": "0",
                            "spec.0.template.0.container.0.env.#": "5",
                            "spec.0.template.0.container.0.env.0.name": "app_name",
                            "spec.0.template.0.container.0.env.0.value": "spring-petclinic",
                            "spec.0.template.0.container.0.env.0.value_from.#": "0",
                            "spec.0.template.0.container.0.env.1.name": "app_version",
                            "spec.0.template.0.container.0.env.1.value": "1.0.62",
                            "spec.0.template.0.container.0.env.1.value_from.#": "0",
                            "spec.0.template.0.container.0.env.2.name": "env_name",
                            "spec.0.template.0.container.0.env.2.value": "k8s-dev",
                            "spec.0.template.0.container.0.env.2.value_from.#": "0",
                            "spec.0.template.0.container.0.env.3.name": "elk_hostname",
                            "spec.0.template.0.container.0.env.3.value": "34.196.120.121",
                            "spec.0.template.0.container.0.env.3.value_from.#": "0",
                            "spec.0.template.0.container.0.env.4.name": "elastic_port",
                            "spec.0.template.0.container.0.env.4.value": "9200",
                            "spec.0.template.0.container.0.env.4.value_from.#": "0",
                            "spec.0.template.0.container.0.image": "docker.elastic.co/beats/filebeat:6.0.1",
                            "spec.0.template.0.container.0.image_pull_policy": "IfNotPresent",
                            "spec.0.template.0.container.0.lifecycle.#": "0",
                            "spec.0.template.0.container.0.liveness_probe.#": "0",
                            "spec.0.template.0.container.0.name": "filebeat",
                            "spec.0.template.0.container.0.port.#": "0",
                            "spec.0.template.0.container.0.readiness_probe.#": "0",
                            "spec.0.template.0.container.0.resources.#": "1",
                            "spec.0.template.0.container.0.resources.0.limits.#": "1",
                            "spec.0.template.0.container.0.resources.0.limits.0.cpu": "250m",
                            "spec.0.template.0.container.0.resources.0.limits.0.memory": "256Mi",
                            "spec.0.template.0.container.0.resources.0.requests.#": "1",
                            "spec.0.template.0.container.0.resources.0.requests.0.cpu": "250m",
                            "spec.0.template.0.container.0.resources.0.requests.0.memory": "50Mi",
                            "spec.0.template.0.container.0.security_context.#": "0",
                            "spec.0.template.0.container.0.stdin": "false",
                            "spec.0.template.0.container.0.stdin_once": "false",
                            "spec.0.template.0.container.0.termination_message_path": "/dev/termination-log",
                            "spec.0.template.0.container.0.tty": "false",
                            "spec.0.template.0.container.0.volume_mount.#": "1",
                            "spec.0.template.0.container.0.volume_mount.0.mount_path": "/usr/share/tomcat/logs",
                            "spec.0.template.0.container.0.volume_mount.0.name": "persistent-storage",
                            "spec.0.template.0.container.0.volume_mount.0.read_only": "false",
                            "spec.0.template.0.container.0.volume_mount.0.sub_path": "",
                            "spec.0.template.0.container.0.working_dir": "",
                            "spec.0.template.0.container.1.args.#": "0",
                            "spec.0.template.0.container.1.command.#": "0",
                            "spec.0.template.0.container.1.env.#": "5",
                            "spec.0.template.0.container.1.env.0.name": "db_script",
                            "spec.0.template.0.container.1.env.0.value": "mysql",
                            "spec.0.template.0.container.1.env.0.value_from.#": "0",
                            "spec.0.template.0.container.1.env.1.name": "jdbc_driverClassName",
                            "spec.0.template.0.container.1.env.1.value": "com.mysql.jdbc.Driver",
                            "spec.0.template.0.container.1.env.1.value_from.#": "0",
                            "spec.0.template.0.container.1.env.2.name": "jdbc_url",
                            "spec.0.template.0.container.1.env.2.value": "jdbc:mysql://100.65.57.9:3306/petclinic?autoReconnect=true\u0026characterEncoding=utf8\u0026useUnicode=true\u0026interactiveClient=true",
                            "spec.0.template.0.container.1.env.2.value_from.#": "0",
                            "spec.0.template.0.container.1.env.3.name": "jdbc_username",
                            "spec.0.template.0.container.1.env.3.value": "root",
                            "spec.0.template.0.container.1.env.3.value_from.#": "0",
                            "spec.0.template.0.container.1.env.4.name": "jdbc_password",
                            "spec.0.template.0.container.1.env.4.value": "mypassword",
                            "spec.0.template.0.container.1.env.4.value_from.#": "0",
                            "spec.0.template.0.container.1.image": "ccsdevops/spring-petclinic:1.0.62",
                            "spec.0.template.0.container.1.image_pull_policy": "IfNotPresent",
                            "spec.0.template.0.container.1.lifecycle.#": "0",
                            "spec.0.template.0.container.1.liveness_probe.#": "0",
                            "spec.0.template.0.container.1.name": "spring-petclinic",
                            "spec.0.template.0.container.1.port.#": "1",
                            "spec.0.template.0.container.1.port.0.container_port": "8080",
                            "spec.0.template.0.container.1.port.0.host_ip": "",
                            "spec.0.template.0.container.1.port.0.host_port": "0",
                            "spec.0.template.0.container.1.port.0.name": "",
                            "spec.0.template.0.container.1.port.0.protocol": "TCP",
                            "spec.0.template.0.container.1.readiness_probe.#": "0",
                            "spec.0.template.0.container.1.resources.#": "1",
                            "spec.0.template.0.container.1.resources.0.limits.#": "1",
                            "spec.0.template.0.container.1.resources.0.limits.0.cpu": "500m",
                            "spec.0.template.0.container.1.resources.0.limits.0.memory": "512Mi",
                            "spec.0.template.0.container.1.resources.0.requests.#": "1",
                            "spec.0.template.0.container.1.resources.0.requests.0.cpu": "250m",
                            "spec.0.template.0.container.1.resources.0.requests.0.memory": "50Mi",
                            "spec.0.template.0.container.1.security_context.#": "0",
                            "spec.0.template.0.container.1.stdin": "false",
                            "spec.0.template.0.container.1.stdin_once": "false",
                            "spec.0.template.0.container.1.termination_message_path": "/dev/termination-log",
                            "spec.0.template.0.container.1.tty": "false",
                            "spec.0.template.0.container.1.volume_mount.#": "1",
                            "spec.0.template.0.container.1.volume_mount.0.mount_path": "/usr/share/tomcat/logs",
                            "spec.0.template.0.container.1.volume_mount.0.name": "persistent-storage",
                            "spec.0.template.0.container.1.volume_mount.0.read_only": "false",
                            "spec.0.template.0.container.1.volume_mount.0.sub_path": "",
                            "spec.0.template.0.container.1.working_dir": "",
                            "spec.0.template.0.dns_policy": "ClusterFirst",
                            "spec.0.template.0.host_ipc": "false",
                            "spec.0.template.0.host_network": "false",
                            "spec.0.template.0.host_pid": "false",
                            "spec.0.template.0.hostname": "",
                            "spec.0.template.0.image_pull_secrets.#": "0",
                            "spec.0.template.0.node_name": "",
                            "spec.0.template.0.node_selector.%": "0",
                            "spec.0.template.0.restart_policy": "Always",
                            "spec.0.template.0.security_context.#": "0",
                            "spec.0.template.0.service_account_name": "",
                            "spec.0.template.0.subdomain": "",
                            "spec.0.template.0.termination_grace_period_seconds": "30",
                            "spec.0.template.0.volume.#": "1",
                            "spec.0.template.0.volume.0.aws_elastic_block_store.#": "0",
                            "spec.0.template.0.volume.0.azure_disk.#": "0",
                            "spec.0.template.0.volume.0.azure_file.#": "0",
                            "spec.0.template.0.volume.0.ceph_fs.#": "0",
                            "spec.0.template.0.volume.0.cinder.#": "0",
                            "spec.0.template.0.volume.0.config_map.#": "0",
                            "spec.0.template.0.volume.0.downward_api.#": "0",
                            "spec.0.template.0.volume.0.empty_dir.#": "0",
                            "spec.0.template.0.volume.0.fc.#": "0",
                            "spec.0.template.0.volume.0.flex_volume.#": "0",
                            "spec.0.template.0.volume.0.flocker.#": "0",
                            "spec.0.template.0.volume.0.gce_persistent_disk.#": "0",
                            "spec.0.template.0.volume.0.git_repo.#": "0",
                            "spec.0.template.0.volume.0.glusterfs.#": "0",
                            "spec.0.template.0.volume.0.host_path.#": "0",
                            "spec.0.template.0.volume.0.iscsi.#": "0",
                            "spec.0.template.0.volume.0.name": "persistent-storage",
                            "spec.0.template.0.volume.0.nfs.#": "0",
                            "spec.0.template.0.volume.0.persistent_volume_claim.#": "1",
                            "spec.0.template.0.volume.0.persistent_volume_claim.0.claim_name": "spring-petclinic-k8s-dev-claim",
                            "spec.0.template.0.volume.0.persistent_volume_claim.0.read_only": "false",
                            "spec.0.template.0.volume.0.photon_persistent_disk.#": "0",
                            "spec.0.template.0.volume.0.quobyte.#": "0",
                            "spec.0.template.0.volume.0.rbd.#": "0",
                            "spec.0.template.0.volume.0.secret.#": "0",
                            "spec.0.template.0.volume.0.vsphere_volume.#": "0"
                        },
                        "meta": {
                            "e2bfb730-ecaa-11e6-8f88-34363bc7c4c0": {
                                "create": 600000000000,
                                "delete": 600000000000,
                                "update": 600000000000
                            }
                        },
                        "tainted": false
                    },
                    "deposed": [],
                    "provider": "provider.kubernetes"
                },
                "kubernetes_service.tomcat": {
                    "type": "kubernetes_service",
                    "depends_on": [
                        "kubernetes_replication_controller.tomcat"
                    ],
                    "primary": {
                        "id": "spring-petclinic-k8s-dev/spring-petclinic",
                        "attributes": {
                            "id": "spring-petclinic-k8s-dev/spring-petclinic",
                            "load_balancer_ingress.#": "1",
                            "load_balancer_ingress.0.hostname": "a42154cf9792211e8a89a0e9cfd102bd-2053636396.us-east-1.elb.amazonaws.com",
                            "load_balancer_ingress.0.ip": "",
                            "metadata.#": "1",
                            "metadata.0.annotations.%": "0",
                            "metadata.0.generate_name": "",
                            "metadata.0.generation": "0",
                            "metadata.0.labels.%": "0",
                            "metadata.0.name": "spring-petclinic",
                            "metadata.0.namespace": "spring-petclinic-k8s-dev",
                            "metadata.0.resource_version": "9152232",
                            "metadata.0.self_link": "/api/v1/namespaces/spring-petclinic-k8s-dev/services/spring-petclinic",
                            "metadata.0.uid": "42154cf9-7922-11e8-a89a-0e9cfd102bd6",
                            "spec.#": "1",
                            "spec.0.cluster_ip": "100.71.14.31",
                            "spec.0.external_ips.#": "0",
                            "spec.0.external_name": "",
                            "spec.0.load_balancer_ip": "",
                            "spec.0.load_balancer_source_ranges.#": "0",
                            "spec.0.port.#": "1",
                            "spec.0.port.0.name": "",
                            "spec.0.port.0.node_port": "30427",
                            "spec.0.port.0.port": "8080",
                            "spec.0.port.0.protocol": "TCP",
                            "spec.0.port.0.target_port": "8080",
                            "spec.0.selector.%": "1",
                            "spec.0.selector.App": "spring-petclinic",
                            "spec.0.session_affinity": "None",
                            "spec.0.type": "LoadBalancer"
                        },
                        "meta": {},
                        "tainted": false
                    },
                    "deposed": [],
                    "provider": "provider.kubernetes"
                }
            },
            "depends_on": []
        }
    ]
}
