{
    "version": 3,
    "terraform_version": "0.11.7",
    "serial": 10,
    "lineage": "bfefb1dd-7915-e288-aa30-386adde9a83a",
    "modules": [
        {
            "path": [
                "root"
            ],
            "outputs": {
                "endpoint": {
                    "sensitive": false,
                    "type": "string",
                    "value": "a2a42750d5a7711e8a89a0e9cfd102bd-1659415395.us-east-1.elb.amazonaws.com"
                }
            },
            "resources": {
                "kubernetes_namespace.mysql": {
                    "type": "kubernetes_namespace",
                    "depends_on": [],
                    "primary": {
                        "id": "spring-petclinic-dev",
                        "attributes": {
                            "id": "spring-petclinic-dev",
                            "metadata.#": "1",
                            "metadata.0.annotations.%": "1",
                            "metadata.0.annotations.name": "spring-petclinic-annotations",
                            "metadata.0.generate_name": "",
                            "metadata.0.generation": "0",
                            "metadata.0.labels.%": "1",
                            "metadata.0.labels.mylabel": "spring-petclinic",
                            "metadata.0.name": "spring-petclinic-dev",
                            "metadata.0.resource_version": "4437978",
                            "metadata.0.self_link": "/api/v1/namespaces/spring-petclinic-dev",
                            "metadata.0.uid": "29e95700-5a77-11e8-a89a-0e9cfd102bd6"
                        },
                        "meta": {},
                        "tainted": false
                    },
                    "deposed": [],
                    "provider": "provider.kubernetes"
                },
                "kubernetes_replication_controller.mysql": {
                    "type": "kubernetes_replication_controller",
                    "depends_on": [],
                    "primary": {
                        "id": "spring-petclinic-dev/spring-petclinic-mysql",
                        "attributes": {
                            "id": "spring-petclinic-dev/spring-petclinic-mysql",
                            "metadata.#": "1",
                            "metadata.0.annotations.%": "0",
                            "metadata.0.generate_name": "",
                            "metadata.0.generation": "1",
                            "metadata.0.labels.%": "1",
                            "metadata.0.labels.App": "spring-petclinic-mysql",
                            "metadata.0.name": "spring-petclinic-mysql",
                            "metadata.0.namespace": "spring-petclinic-dev",
                            "metadata.0.resource_version": "4437986",
                            "metadata.0.self_link": "/api/v1/namespaces/spring-petclinic-dev/replicationcontrollers/spring-petclinic-mysql",
                            "metadata.0.uid": "29f168f3-5a77-11e8-a89a-0e9cfd102bd6",
                            "spec.#": "1",
                            "spec.0.min_ready_seconds": "0",
                            "spec.0.replicas": "1",
                            "spec.0.selector.%": "1",
                            "spec.0.selector.App": "spring-petclinic-mysql",
                            "spec.0.template.#": "1",
                            "spec.0.template.0.active_deadline_seconds": "0",
                            "spec.0.template.0.container.#": "1",
                            "spec.0.template.0.container.0.args.#": "0",
                            "spec.0.template.0.container.0.command.#": "0",
                            "spec.0.template.0.container.0.env.#": "1",
                            "spec.0.template.0.container.0.env.0.name": "MYSQL_ROOT_PASSWORD",
                            "spec.0.template.0.container.0.env.0.value": "mypassword",
                            "spec.0.template.0.container.0.env.0.value_from.#": "0",
                            "spec.0.template.0.container.0.image": "ccsdevops/petclinicdatabase:1.0",
                            "spec.0.template.0.container.0.image_pull_policy": "IfNotPresent",
                            "spec.0.template.0.container.0.lifecycle.#": "0",
                            "spec.0.template.0.container.0.liveness_probe.#": "0",
                            "spec.0.template.0.container.0.name": "spring-petclinic-mysql",
                            "spec.0.template.0.container.0.port.#": "1",
                            "spec.0.template.0.container.0.port.0.container_port": "3306",
                            "spec.0.template.0.container.0.port.0.host_ip": "",
                            "spec.0.template.0.container.0.port.0.host_port": "0",
                            "spec.0.template.0.container.0.port.0.name": "",
                            "spec.0.template.0.container.0.port.0.protocol": "TCP",
                            "spec.0.template.0.container.0.readiness_probe.#": "0",
                            "spec.0.template.0.container.0.resources.#": "1",
                            "spec.0.template.0.container.0.resources.0.limits.#": "1",
                            "spec.0.template.0.container.0.resources.0.limits.0.cpu": "500m",
                            "spec.0.template.0.container.0.resources.0.limits.0.memory": "512Mi",
                            "spec.0.template.0.container.0.resources.0.requests.#": "1",
                            "spec.0.template.0.container.0.resources.0.requests.0.cpu": "250m",
                            "spec.0.template.0.container.0.resources.0.requests.0.memory": "50Mi",
                            "spec.0.template.0.container.0.security_context.#": "0",
                            "spec.0.template.0.container.0.stdin": "false",
                            "spec.0.template.0.container.0.stdin_once": "false",
                            "spec.0.template.0.container.0.termination_message_path": "/dev/termination-log",
                            "spec.0.template.0.container.0.tty": "false",
                            "spec.0.template.0.container.0.volume_mount.#": "0",
                            "spec.0.template.0.container.0.working_dir": "",
                            "spec.0.template.0.dns_policy": "ClusterFirst",
                            "spec.0.template.0.host_ipc": "false",
                            "spec.0.template.0.host_network": "false",
                            "spec.0.template.0.host_pid": "false",
                            "spec.0.template.0.hostname": "",
                            "spec.0.template.0.image_pull_secrets.#": "0",
                            "spec.0.template.0.node_name": "",
                            "spec.0.template.0.node_selector.%": "0",
                            "spec.0.template.0.restart_policy": "Always",
                            "spec.0.template.0.security_context.#": "0",
                            "spec.0.template.0.service_account_name": "",
                            "spec.0.template.0.subdomain": "",
                            "spec.0.template.0.termination_grace_period_seconds": "30",
                            "spec.0.template.0.volume.#": "0"
                        },
                        "meta": {
                            "e2bfb730-ecaa-11e6-8f88-34363bc7c4c0": {
                                "create": 600000000000,
                                "delete": 600000000000,
                                "update": 600000000000
                            }
                        },
                        "tainted": false
                    },
                    "deposed": [],
                    "provider": "provider.kubernetes"
                },
                "kubernetes_service.mysql": {
                    "type": "kubernetes_service",
                    "depends_on": [
                        "kubernetes_replication_controller.mysql"
                    ],
                    "primary": {
                        "id": "spring-petclinic-dev/spring-petclinic-mysql",
                        "attributes": {
                            "id": "spring-petclinic-dev/spring-petclinic-mysql",
                            "load_balancer_ingress.#": "1",
                            "load_balancer_ingress.0.hostname": "a2a42750d5a7711e8a89a0e9cfd102bd-1659415395.us-east-1.elb.amazonaws.com",
                            "load_balancer_ingress.0.ip": "",
                            "metadata.#": "1",
                            "metadata.0.annotations.%": "0",
                            "metadata.0.generate_name": "",
                            "metadata.0.generation": "0",
                            "metadata.0.labels.%": "0",
                            "metadata.0.name": "spring-petclinic-mysql",
                            "metadata.0.namespace": "spring-petclinic-dev",
                            "metadata.0.resource_version": "4438065",
                            "metadata.0.self_link": "/api/v1/namespaces/spring-petclinic-dev/services/spring-petclinic-mysql",
                            "metadata.0.uid": "2a42750d-5a77-11e8-a89a-0e9cfd102bd6",
                            "spec.#": "1",
                            "spec.0.cluster_ip": "100.67.124.66",
                            "spec.0.external_ips.#": "0",
                            "spec.0.external_name": "",
                            "spec.0.load_balancer_ip": "",
                            "spec.0.load_balancer_source_ranges.#": "0",
                            "spec.0.port.#": "1",
                            "spec.0.port.0.name": "",
                            "spec.0.port.0.node_port": "32445",
                            "spec.0.port.0.port": "3306",
                            "spec.0.port.0.protocol": "TCP",
                            "spec.0.port.0.target_port": "3306",
                            "spec.0.selector.%": "1",
                            "spec.0.selector.App": "spring-petclinic-mysql",
                            "spec.0.session_affinity": "None",
                            "spec.0.type": "LoadBalancer"
                        },
                        "meta": {},
                        "tainted": false
                    },
                    "deposed": [],
                    "provider": "provider.kubernetes"
                }
            },
            "depends_on": []
        }
    ]
}
